{
  "name": "xml2js",
  "version": "0.4.23",
  "lockfileVersion": 1,
  "requires": true,
  "dependencies": {
    "sax": {
      "version": "1.2.4",
      "resolved": "https://registry.npmjs.org/sax/-/sax-1.2.4.tgz",
      "integrity": "sha512-NqVDv9TpANUjFm0N8uM5GxL36UgKi9/atZw+x7YFnQ8ckwFGKrl4xX4yWtrey3UJm5nP1kUbnYgLopqWNSRhWw=="
    },
    "xmlbuilder": {
      "version": "https://github.com/fkirc/xmlbuilder-js/tarball/attranslate",
      "integrity": "sha512-0ncJSs6FBE5Fnam0U00cSllccUjCFlXxB6ItIjvtX0vWBLfgHmop7GxSTsXNvKATmAFj7nw4AgkKVuBrsrHTOA=="
    }
  }
}
